
Microsoft Visual Studio Solution File, Format Version 12.00
# Visual Studio 15
Project("{FAE04EC0-301F-11D3-BF4B-00C04F79EFBC}") = "Assembly-CSharp", "Assembly-CSharp.csproj", "{10DA3DB9-698E-E29E-9F14-5D11DE796EF6}"
EndProject
Global
	GlobalSection(SolutionConfigurationPlatforms) = preSolution
		Debug|Any CPU = Debug|Any CPU
		Release|Any CPU = Release|Any CPU
	EndGlobalSection
	GlobalSection(ProjectConfigurationPlatforms) = postSolution
		{10DA3DB9-698E-E29E-9F14-5D11DE796EF6}.Debug|Any CPU.ActiveCfg = Debug|Any CPU
		{10DA3DB9-698E-E29E-9F14-5D11DE796EF6}.Debug|Any CPU.Build.0 = Debug|Any CPU
		{10DA3DB9-698E-E29E-9F14-5D11DE796EF6}.Release|Any CPU.ActiveCfg = Release|Any CPU
		{10DA3DB9-698E-E29E-9F14-5D11DE796EF6}.Release|Any CPU.Build.0 = Release|Any CPU
	EndGlobalSection
	GlobalSection(SolutionProperties) = preSolution
		HideSolutionNode = FALSE
	EndGlobalSection
EndGlobal
